// !$*UTF8*$!
{
	archiveVersion = 1;
	classes = {
	};
	objectVersion = 46;
	objects = {

/* Begin PBXBuildFile section */
		995127291EAEEA91009E1787 /* AppDelegate.swift in Sources */ = {isa = PBXBuildFile; fileRef = 995127281EAEEA91009E1787 /* AppDelegate.swift */; };
		9951272B1EAEEA92009E1787 /* ViewController.swift in Sources */ = {isa = PBXBuildFile; fileRef = 9951272A1EAEEA92009E1787 /* ViewController.swift */; };
		9951272E1EAEEA92009E1787 /* Main.storyboard in Resources */ = {isa = PBXBuildFile; fileRef = 9951272C1EAEEA92009E1787 /* Main.storyboard */; };
		995127301EAEEA92009E1787 /* Assets.xcassets in Resources */ = {isa = PBXBuildFile; fileRef = 9951272F1EAEEA92009E1787 /* Assets.xcassets */; };
		995127331EAEEA92009E1787 /* LaunchScreen.storyboard in Resources */ = {isa = PBXBuildFile; fileRef = 995127311EAEEA92009E1787 /* LaunchScreen.storyboard */; };
/* End PBXBuildFile section */

/* Begin PBXFileReference section */
		995127251EAEEA91009E1787 /* tape.app */ = {isa = PBXFileReference; explicitFileType = wrapper.application; includeInIndex = 0; path = tape.app; sourceTree = BUILT_PRODUCTS_DIR; };
		995127281EAEEA91009E1787 /* AppDelegate.swift */ = {isa = PBXFileReference; lastKnownFileType = sourcecode.swift; path = AppDelegate.swift; sourceTree = "<group>"; };
		9951272A1EAEEA92009E1787 /* ViewController.swift */ = {isa = PBXFileReference; lastKnownFileType = sourcecode.swift; path = ViewController.swift; sourceTree = "<group>"; };
		9951272D1EAEEA92009E1787 /* Base */ = {isa = PBXFileReference; lastKnownFileType = file.storyboard; name = Base; path = Base.lproj/Main.storyboard; sourceTree = "<group>"; };
		9951272F1EAEEA92009E1787 /* Assets.xcassets */ = {isa = PBXFileReference; lastKnownFileType = folder.assetcatalog; path = Assets.xcassets; sourceTree = "<group>"; };
		995127321EAEEA92009E1787 /* Base */ = {isa = PBXFileReference; lastKnownFileType = file.storyboard; name = Base; path = Base.lproj/LaunchScreen.storyboard; sourceTree = "<group>"; };
		995127341EAEEA92009E1787 /* Info.plist */ = {isa = PBXFileReference; lastKnownFileType = text.plist.xml; path = Info.plist; sourceTree = "<group>"; };
/* End PBXFileReference section */

/* Begin PBXFrameworksBuildPhase section */
		995127221EAEEA91009E1787 /* Frameworks */ = {
			isa = PBXFrameworksBuildPhase;
			buildActionMask = 2147483647;
			files = (
			);
			runOnlyForDeploymentPostprocessing = 0;
		};
/* End PBXFrameworksBuildPhase section */

/* Begin PBXGroup section */
		9951271C1EAEEA91009E1787 = {
			isa = PBXGroup;
			children = (
				995127271EAEEA91009E1787 /* tape */,
				995127261EAEEA91009E1787 /* Products */,
			);
			sourceTree = "<group>";
		};
		995127261EAEEA91009E1787 /* Products */ = {
			isa = PBXGroup;
			children = (
				995127251EAEEA91009E1787 /* tape.app */,
			);
			name = Products;
			sourceTree = "<group>";
		};
		995127271EAEEA91009E1787 /* tape */ = {
			isa = PBXGroup;
			children = (
				995127281EAEEA91009E1787 /* AppDelegate.swift */,
				9951272A1EAEEA92009E1787 /* ViewController.swift */,
				9951272C1EAEEA92009E1787 /* Main.storyboard */,
				9951272F1EAEEA92009E1787 /* Assets.xcassets */,
				995127311EAEEA92009E1787 /* LaunchScreen.storyboard */,
				995127341EAEEA92009E1787 /* Info.plist */,
			);
			path = tape;
			sourceTree = "<group>";
		};
/* End PBXGroup section */

/* Begin PBXNativeTarget section */
		995127241EAEEA91009E1787 /* tape */ = {
			isa = PBXNativeTarget;
			buildConfigurationList = 995127371EAEEA92009E1787 /* Build configuration list for PBXNativeTarget "tape" */;
			buildPhases = (
				995127211EAEEA91009E1787 /* Sources */,
				995127221EAEEA91009E1787 /* Frameworks */,
				995127231EAEEA91009E1787 /* Resources */,
			);
			buildRules = (
			);
			dependencies = (
			);
			name = tape;
			productName = tape;
			productReference = 995127251EAEEA91009E1787 /* tape.app */;
			productType = "com.apple.product-type.application";
		};
/* End PBXNativeTarget section */

/* Begin PBXProject section */
		9951271D1EAEEA91009E1787 /* Project object */ = {
			isa = PBXProject;
			attributes = {
				LastSwiftUpdateCheck = 0810;
				LastUpgradeCheck = 0810;
				ORGANIZATIONNAME = "Unicorn Mobile, LLC";
				TargetAttributes = {
					995127241EAEEA91009E1787 = {
						CreatedOnToolsVersion = 8.1;
						ProvisioningStyle = Automatic;
					};
				};
			};
			buildConfigurationList = 995127201EAEEA91009E1787 /* Build configuration list for PBXProject "tape" */;
			compatibilityVersion = "Xcode 3.2";
			developmentRegion = English;
			hasScannedForEncodings = 0;
			knownRegions = (
				en,
				Base,
			);
			mainGroup = 9951271C1EAEEA91009E1787;
			productRefGroup = 995127261EAEEA91009E1787 /* Products */;
			projectDirPath = "";
			projectRoot = "";
			targets = (
				995127241EAEEA91009E1787 /* tape */,
			);
		};
/* End PBXProject section */

/* Begin PBXResourcesBuildPhase section */
		995127231EAEEA91009E1787 /* Resources */ = {
			isa = PBXResourcesBuildPhase;
			buildActionMask = 2147483647;
			files = (
				995127331EAEEA92009E1787 /* LaunchScreen.storyboard in Resources */,
				995127301EAEEA92009E1787 /* Assets.xcassets in Resources */,
				9951272E1EAEEA92009E1787 /* Main.storyboard in Resources */,
			);
			runOnlyForDeploymentPostprocessing = 0;
		};
/* End PBXResourcesBuildPhase section */

/* Begin PBXSourcesBuildPhase section */
		995127211EAEEA91009E1787 /* Sources */ = {
			isa = PBXSourcesBuildPhase;
			buildActionMask = 2147483647;
			files = (
				9951272B1EAEEA92009E1787 /* ViewController.swift in Sources */,
				995127291EAEEA91009E1787 /* AppDelegate.swift in Sources */,
			);
			runOnlyForDeploymentPostprocessing = 0;
		};
/* End PBXSourcesBuildPhase section */

/* Begin PBXVariantGroup section */
		9951272C1EAEEA92009E1787 /* Main.storyboard */ = {
			isa = PBXVariantGroup;
			children = (
				9951272D1EAEEA92009E1787 /* Base */,
			);
			name = Main.storyboard;
			sourceTree = "<group>";
		};
		995127311EAEEA92009E1787 /* LaunchScreen.storyboard */ = {
			isa = PBXVariantGroup;
			children = (
				995127321EAEEA92009E1787 /* Base */,
			);
			name = LaunchScreen.storyboard;
			sourceTree = "<group>";
		};
/* End PBXVariantGroup section */

/* Begin XCBuildConfiguration section */
		995127351EAEEA92009E1787 /* Debug */ = {
			isa = XCBuildConfiguration;
			buildSettings = {
				ALWAYS_SEARCH_USER_PATHS = NO;
				CLANG_ANALYZER_NONNULL = YES;
				CLANG_CXX_LANGUAGE_STANDARD = "gnu++0x";
				CLANG_CXX_LIBRARY = "libc++";
				CLANG_ENABLE_MODULES = YES;
				CLANG_ENABLE_OBJC_ARC = YES;
				CLANG_WARN_BOOL_CONVERSION = YES;
				CLANG_WARN_CONSTANT_CONVERSION = YES;
				CLANG_WARN_DIRECT_OBJC_ISA_USAGE = YES_ERROR;
				CLANG_WARN_DOCUMENTATION_COMMENTS = YES;
				CLANG_WARN_EMPTY_BODY = YES;
				CLANG_WARN_ENUM_CONVERSION = YES;
				CLANG_WARN_INFINITE_RECURSION = YES;
				CLANG_WARN_INT_CONVERSION = YES;
				CLANG_WARN_OBJC_ROOT_CLASS = YES_ERROR;
				CLANG_WARN_SUSPICIOUS_MOVES = YES;
				CLANG_WARN_UNREACHABLE_CODE = YES;
				CLANG_WARN__DUPLICATE_METHOD_MATCH = YES;
				"CODE_SIGN_IDENTITY[sdk=iphoneos*]" = "iPhone Developer";
				COPY_PHASE_STRIP = NO;
				DEBUG_INFORMATION_FORMAT = dwarf;
				ENABLE_STRICT_OBJC_MSGSEND = YES;
				ENABLE_TESTABILITY = YES;
				GCC_C_LANGUAGE_STANDARD = gnu99;
				GCC_DYNAMIC_NO_PIC = NO;
				GCC_NO_COMMON_BLOCKS = YES;
				GCC_OPTIMIZATION_LEVEL = 0;
				GCC_PREPROCESSOR_DEFINITIONS = (
					"DEBUG=1",
					"$(inherited)",
				);
				GCC_WARN_64_TO_32_BIT_CONVERSION = YES;
				GCC_WARN_ABOUT_RETURN_TYPE = YES_ERROR;
				GCC_WARN_UNDECLARED_SELECTOR = YES;
				GCC_WARN_UNINITIALIZED_AUTOS = YES_AGGRESSIVE;
				GCC_WARN_UNUSED_FUNCTION = YES;
				GCC_WARN_UNUSED_VARIABLE = YES;
				IPHONEOS_DEPLOYMENT_TARGET = 10.1;
				MTL_ENABLE_DEBUG_INFO = YES;
				ONLY_ACTIVE_ARCH = YES;
				SDKROOT = iphoneos;
				SWIFT_ACTIVE_COMPILATION_CONDITIONS = DEBUG;
				SWIFT_OPTIMIZATION_LEVEL = "-Onone";
			};
			name = Debug;
		};
		995127361EAEEA92009E1787 /* Release */ = {
			isa = XCBuildConfiguration;
			buildSettings = {
				ALWAYS_SEARCH_USER_PATHS = NO;
				CLANG_ANALYZER_NONNULL = YES;
				CLANG_CXX_LANGUAGE_STANDARD = "gnu++0x";
				CLANG_CXX_LIBRARY = "libc++";
				CLANG_ENABLE_MODULES = YES;
				CLANG_ENABLE_OBJC_ARC = YES;
				CLANG_WARN_BOOL_CONVERSION = YES;
				CLANG_WARN_CONSTANT_CONVERSION = YES;
				CLANG_WARN_DIRECT_OBJC_ISA_USAGE = YES_ERROR;
				CLANG_WARN_DOCUMENTATION_COMMENTS = YES;
				CLANG_WARN_EMPTY_BODY = YES;
				CLANG_WARN_ENUM_CONVERSION = YES;
				CLANG_WARN_INFINITE_RECURSION = YES;
				CLANG_WARN_INT_CONVERSION = YES;
				CLANG_WARN_OBJC_ROOT_CLASS = YES_ERROR;
				CLANG_WARN_SUSPICIOUS_MOVES = YES;
				CLANG_WARN_UNREACHABLE_CODE = YES;
				CLANG_WARN__DUPLICATE_METHOD_MATCH = YES;
				"CODE_SIGN_IDENTITY[sdk=iphoneos*]" = "iPhone Developer";
				COPY_PHASE_STRIP = NO;
				DEBUG_INFORMATION_FORMAT = "dwarf-with-dsym";
				ENABLE_NS_ASSERTIONS = NO;
				ENABLE_STRICT_OBJC_MSGSEND = YES;
				GCC_C_LANGUAGE_STANDARD = gnu99;
				GCC_NO_COMMON_BLOCKS = YES;
				GCC_WARN_64_TO_32_BIT_CONVERSION = YES;
				GCC_WARN_ABOUT_RETURN_TYPE = YES_ERROR;
				GCC_WARN_UNDECLARED_SELECTOR = YES;
				GCC_WARN_UNINITIALIZED_AUTOS = YES_AGGRESSIVE;
				GCC_WARN_UNUSED_FUNCTION = YES;
				GCC_WARN_UNUSED_VARIABLE = YES;
				IPHONEOS_DEPLOYMENT_TARGET = 10.1;
				MTL_ENABLE_DEBUG_INFO = NO;
				SDKROOT = iphoneos;
				SWIFT_OPTIMIZATION_LEVEL = "-Owholemodule";
				VALIDATE_PRODUCT = YES;
			};
			name = Release;
		};
		995127381EAEEA92009E1787 /* Debug */ = {
			isa = XCBuildConfiguration;
			buildSettings = {
				ASSETCATALOG_COMPILER_APPICON_NAME = AppIcon;
				INFOPLIST_FILE = tape/Info.plist;
				LD_RUNPATH_SEARCH_PATHS = "$(inherited) @executable_path/Frameworks";
				PRODUCT_BUNDLE_IDENTIFIER = io.unicornmobile.tape;
				PRODUCT_NAME = "$(TARGET_NAME)";
				SWIFT_VERSION = 3.0;
			};
			name = Debug;
		};
		995127391EAEEA92009E1787 /* Release */ = {
			isa = XCBuildConfiguration;
			buildSettings = {
				ASSETCATALOG_COMPILER_APPICON_NAME = AppIcon;
				INFOPLIST_FILE = tape/Info.plist;
				LD_RUNPATH_SEARCH_PATHS = "$(inherited) @executable_path/Frameworks";
				PRODUCT_BUNDLE_IDENTIFIER = io.unicornmobile.tape;
				PRODUCT_NAME = "$(TARGET_NAME)";
				SWIFT_VERSION = 3.0;
			};
			name = Release;
		};
/* End XCBuildConfiguration section */

/* Begin XCConfigurationList section */
		995127201EAEEA91009E1787 /* Build configuration list for PBXProject "tape" */ = {
			isa = XCConfigurationList;
			buildConfigurations = (
				995127351EAEEA92009E1787 /* Debug */,
				995127361EAEEA92009E1787 /* Release */,
			);
			defaultConfigurationIsVisible = 0;
			defaultConfigurationName = Release;
		};
		995127371EAEEA92009E1787 /* Build configuration list for PBXNativeTarget "tape" */ = {
			isa = XCConfigurationList;
			buildConfigurations = (
				995127381EAEEA92009E1787 /* Debug */,
				995127391EAEEA92009E1787 /* Release */,
			);
			defaultConfigurationIsVisible = 0;
		};
/* End XCConfigurationList section */
	};
	rootObject = 9951271D1EAEEA91009E1787 /* Project object */;
}
